// !$*UTF8*$!
{
	archiveVersion = 1;
	classes = {
	};
	objectVersion = 46;
	objects = {

/* Begin PBXBuildFile section */
		87E17A301A2010AD00D9DCB4 /* main.m in Sources */ = {isa = PBXBuildFile; fileRef = 87E17A2F1A2010AD00D9DCB4 /* main.m */; };
		87E17A331A2010AD00D9DCB4 /* AppDelegate.m in Sources */ = {isa = PBXBuildFile; fileRef = 87E17A321A2010AD00D9DCB4 /* AppDelegate.m */; };
		87E17A361A2010AD00D9DCB4 /* ViewController.m in Sources */ = {isa = PBXBuildFile; fileRef = 87E17A351A2010AD00D9DCB4 /* ViewController.m */; };
		87E17A391A2010AD00D9DCB4 /* Main.storyboard in Resources */ = {isa = PBXBuildFile; fileRef = 87E17A371A2010AD00D9DCB4 /* Main.storyboard */; };
		87E17A3B1A2010AD00D9DCB4 /* Images.xcassets in Resources */ = {isa = PBXBuildFile; fileRef = 87E17A3A1A2010AD00D9DCB4 /* Images.xcassets */; };
		87E17A3E1A2010AD00D9DCB4 /* LaunchScreen.xib in Resources */ = {isa = PBXBuildFile; fileRef = 87E17A3C1A2010AD00D9DCB4 /* LaunchScreen.xib */; };
		87E17A4A1A2010AD00D9DCB4 /* ImageSaveTests.m in Sources */ = {isa = PBXBuildFile; fileRef = 87E17A491A2010AD00D9DCB4 /* ImageSaveTests.m */; };
		87E17A541A20115400D9DCB4 /* CasaLoma.jpg in Resources */ = {isa = PBXBuildFile; fileRef = 87E17A531A20115400D9DCB4 /* CasaLoma.jpg */; };
/* End PBXBuildFile section */

/* Begin PBXContainerItemProxy section */
		87E17A441A2010AD00D9DCB4 /* PBXContainerItemProxy */ = {
			isa = PBXContainerItemProxy;
			containerPortal = 87E17A221A2010AD00D9DCB4 /* Project object */;
			proxyType = 1;
			remoteGlobalIDString = 87E17A291A2010AD00D9DCB4;
			remoteInfo = ImageSave;
		};
/* End PBXContainerItemProxy section */

/* Begin PBXFileReference section */
		87E17A2A1A2010AD00D9DCB4 /* ImageSave.app */ = {isa = PBXFileReference; explicitFileType = wrapper.application; includeInIndex = 0; path = ImageSave.app; sourceTree = BUILT_PRODUCTS_DIR; };
		87E17A2E1A2010AD00D9DCB4 /* Info.plist */ = {isa = PBXFileReference; lastKnownFileType = text.plist.xml; path = Info.plist; sourceTree = "<group>"; };
		87E17A2F1A2010AD00D9DCB4 /* main.m */ = {isa = PBXFileReference; lastKnownFileType = sourcecode.c.objc; path = main.m; sourceTree = "<group>"; };
		87E17A311A2010AD00D9DCB4 /* AppDelegate.h */ = {isa = PBXFileReference; lastKnownFileType = sourcecode.c.h; path = AppDelegate.h; sourceTree = "<group>"; };
		87E17A321A2010AD00D9DCB4 /* AppDelegate.m */ = {isa = PBXFileReference; lastKnownFileType = sourcecode.c.objc; path = AppDelegate.m; sourceTree = "<group>"; };
		87E17A341A2010AD00D9DCB4 /* ViewController.h */ = {isa = PBXFileReference; lastKnownFileType = sourcecode.c.h; path = ViewController.h; sourceTree = "<group>"; };
		87E17A351A2010AD00D9DCB4 /* ViewController.m */ = {isa = PBXFileReference; lastKnownFileType = sourcecode.c.objc; path = ViewController.m; sourceTree = "<group>"; };
		87E17A381A2010AD00D9DCB4 /* Base */ = {isa = PBXFileReference; lastKnownFileType = file.storyboard; name = Base; path = Base.lproj/Main.storyboard; sourceTree = "<group>"; };
		87E17A3A1A2010AD00D9DCB4 /* Images.xcassets */ = {isa = PBXFileReference; lastKnownFileType = folder.assetcatalog; path = Images.xcassets; sourceTree = "<group>"; };
		87E17A3D1A2010AD00D9DCB4 /* Base */ = {isa = PBXFileReference; lastKnownFileType = file.xib; name = Base; path = Base.lproj/LaunchScreen.xib; sourceTree = "<group>"; };
		87E17A431A2010AD00D9DCB4 /* ImageSaveTests.xctest */ = {isa = PBXFileReference; explicitFileType = wrapper.cfbundle; includeInIndex = 0; path = ImageSaveTests.xctest; sourceTree = BUILT_PRODUCTS_DIR; };
		87E17A481A2010AD00D9DCB4 /* Info.plist */ = {isa = PBXFileReference; lastKnownFileType = text.plist.xml; path = Info.plist; sourceTree = "<group>"; };
		87E17A491A2010AD00D9DCB4 /* ImageSaveTests.m */ = {isa = PBXFileReference; lastKnownFileType = sourcecode.c.objc; path = ImageSaveTests.m; sourceTree = "<group>"; };
		87E17A531A20115400D9DCB4 /* CasaLoma.jpg */ = {isa = PBXFileReference; lastKnownFileType = image.jpeg; path = CasaLoma.jpg; sourceTree = "<group>"; };
/* End PBXFileReference section */

/* Begin PBXFrameworksBuildPhase section */
		87E17A271A2010AD00D9DCB4 /* Frameworks */ = {
			isa = PBXFrameworksBuildPhase;
			buildActionMask = 2147483647;
			files = (
			);
			runOnlyForDeploymentPostprocessing = 0;
		};
		87E17A401A2010AD00D9DCB4 /* Frameworks */ = {
			isa = PBXFrameworksBuildPhase;
			buildActionMask = 2147483647;
			files = (
			);
			runOnlyForDeploymentPostprocessing = 0;
		};
/* End PBXFrameworksBuildPhase section */

/* Begin PBXGroup section */
		87E17A211A2010AD00D9DCB4 = {
			isa = PBXGroup;
			children = (
				87E17A2C1A2010AD00D9DCB4 /* ImageSave */,
				87E17A461A2010AD00D9DCB4 /* ImageSaveTests */,
				87E17A2B1A2010AD00D9DCB4 /* Products */,
			);
			sourceTree = "<group>";
		};
		87E17A2B1A2010AD00D9DCB4 /* Products */ = {
			isa = PBXGroup;
			children = (
				87E17A2A1A2010AD00D9DCB4 /* ImageSave.app */,
				87E17A431A2010AD00D9DCB4 /* ImageSaveTests.xctest */,
			);
			name = Products;
			sourceTree = "<group>";
		};
		87E17A2C1A2010AD00D9DCB4 /* ImageSave */ = {
			isa = PBXGroup;
			children = (
				87E17A531A20115400D9DCB4 /* CasaLoma.jpg */,
				87E17A311A2010AD00D9DCB4 /* AppDelegate.h */,
				87E17A321A2010AD00D9DCB4 /* AppDelegate.m */,
				87E17A341A2010AD00D9DCB4 /* ViewController.h */,
				87E17A351A2010AD00D9DCB4 /* ViewController.m */,
				87E17A371A2010AD00D9DCB4 /* Main.storyboard */,
				87E17A3A1A2010AD00D9DCB4 /* Images.xcassets */,
				87E17A3C1A2010AD00D9DCB4 /* LaunchScreen.xib */,
				87E17A2D1A2010AD00D9DCB4 /* Supporting Files */,
			);
			path = ImageSave;
			sourceTree = "<group>";
		};
		87E17A2D1A2010AD00D9DCB4 /* Supporting Files */ = {
			isa = PBXGroup;
			children = (
				87E17A2E1A2010AD00D9DCB4 /* Info.plist */,
				87E17A2F1A2010AD00D9DCB4 /* main.m */,
			);
			name = "Supporting Files";
			sourceTree = "<group>";
		};
		87E17A461A2010AD00D9DCB4 /* ImageSaveTests */ = {
			isa = PBXGroup;
			children = (
				87E17A491A2010AD00D9DCB4 /* ImageSaveTests.m */,
				87E17A471A2010AD00D9DCB4 /* Supporting Files */,
			);
			path = ImageSaveTests;
			sourceTree = "<group>";
		};
		87E17A471A2010AD00D9DCB4 /* Supporting Files */ = {
			isa = PBXGroup;
			children = (
				87E17A481A2010AD00D9DCB4 /* Info.plist */,
			);
			name = "Supporting Files";
			sourceTree = "<group>";
		};
/* End PBXGroup section */

/* Begin PBXNativeTarget section */
		87E17A291A2010AD00D9DCB4 /* ImageSave */ = {
			isa = PBXNativeTarget;
			buildConfigurationList = 87E17A4D1A2010AD00D9DCB4 /* Build configuration list for PBXNativeTarget "ImageSave" */;
			buildPhases = (
				87E17A261A2010AD00D9DCB4 /* Sources */,
				87E17A271A2010AD00D9DCB4 /* Frameworks */,
				87E17A281A2010AD00D9DCB4 /* Resources */,
			);
			buildRules = (
			);
			dependencies = (
			);
			name = ImageSave;
			productName = ImageSave;
			productReference = 87E17A2A1A2010AD00D9DCB4 /* ImageSave.app */;
			productType = "com.apple.product-type.application";
		};
		87E17A421A2010AD00D9DCB4 /* ImageSaveTests */ = {
			isa = PBXNativeTarget;
			buildConfigurationList = 87E17A501A2010AD00D9DCB4 /* Build configuration list for PBXNativeTarget "ImageSaveTests" */;
			buildPhases = (
				87E17A3F1A2010AD00D9DCB4 /* Sources */,
				87E17A401A2010AD00D9DCB4 /* Frameworks */,
				87E17A411A2010AD00D9DCB4 /* Resources */,
			);
			buildRules = (
			);
			dependencies = (
				87E17A451A2010AD00D9DCB4 /* PBXTargetDependency */,
			);
			name = ImageSaveTests;
			productName = ImageSaveTests;
			productReference = 87E17A431A2010AD00D9DCB4 /* ImageSaveTests.xctest */;
			productType = "com.apple.product-type.bundle.unit-test";
		};
/* End PBXNativeTarget section */

/* Begin PBXProject section */
		87E17A221A2010AD00D9DCB4 /* Project object */ = {
			isa = PBXProject;
			attributes = {
				LastUpgradeCheck = 0610;
				ORGANIZATIONNAME = "Ahmed Bakir";
				TargetAttributes = {
					87E17A291A2010AD00D9DCB4 = {
						CreatedOnToolsVersion = 6.1;
					};
					87E17A421A2010AD00D9DCB4 = {
						CreatedOnToolsVersion = 6.1;
						TestTargetID = 87E17A291A2010AD00D9DCB4;
					};
				};
			};
			buildConfigurationList = 87E17A251A2010AD00D9DCB4 /* Build configuration list for PBXProject "ImageSave" */;
			compatibilityVersion = "Xcode 3.2";
			developmentRegion = English;
			hasScannedForEncodings = 0;
			knownRegions = (
				en,
				Base,
			);
			mainGroup = 87E17A211A2010AD00D9DCB4;
			productRefGroup = 87E17A2B1A2010AD00D9DCB4 /* Products */;
			projectDirPath = "";
			projectRoot = "";
			targets = (
				87E17A291A2010AD00D9DCB4 /* ImageSave */,
				87E17A421A2010AD00D9DCB4 /* ImageSaveTests */,
			);
		};
/* End PBXProject section */

/* Begin PBXResourcesBuildPhase section */
		87E17A281A2010AD00D9DCB4 /* Resources */ = {
			isa = PBXResourcesBuildPhase;
			buildActionMask = 2147483647;
			files = (
				87E17A541A20115400D9DCB4 /* CasaLoma.jpg in Resources */,
				87E17A391A2010AD00D9DCB4 /* Main.storyboard in Resources */,
				87E17A3E1A2010AD00D9DCB4 /* LaunchScreen.xib in Resources */,
				87E17A3B1A2010AD00D9DCB4 /* Images.xcassets in Resources */,
			);
			runOnlyForDeploymentPostprocessing = 0;
		};
		87E17A411A2010AD00D9DCB4 /* Resources */ = {
			isa = PBXResourcesBuildPhase;
			buildActionMask = 2147483647;
			files = (
			);
			runOnlyForDeploymentPostprocessing = 0;
		};
/* End PBXResourcesBuildPhase section */

/* Begin PBXSourcesBuildPhase section */
		87E17A261A2010AD00D9DCB4 /* Sources */ = {
			isa = PBXSourcesBuildPhase;
			buildActionMask = 2147483647;
			files = (
				87E17A361A2010AD00D9DCB4 /* ViewController.m in Sources */,
				87E17A331A2010AD00D9DCB4 /* AppDelegate.m in Sources */,
				87E17A301A2010AD00D9DCB4 /* main.m in Sources */,
			);
			runOnlyForDeploymentPostprocessing = 0;
		};
		87E17A3F1A2010AD00D9DCB4 /* Sources */ = {
			isa = PBXSourcesBuildPhase;
			buildActionMask = 2147483647;
			files = (
				87E17A4A1A2010AD00D9DCB4 /* ImageSaveTests.m in Sources */,
			);
			runOnlyForDeploymentPostprocessing = 0;
		};
/* End PBXSourcesBuildPhase section */

/* Begin PBXTargetDependency section */
		87E17A451A2010AD00D9DCB4 /* PBXTargetDependency */ = {
			isa = PBXTargetDependency;
			target = 87E17A291A2010AD00D9DCB4 /* ImageSave */;
			targetProxy = 87E17A441A2010AD00D9DCB4 /* PBXContainerItemProxy */;
		};
/* End PBXTargetDependency section */

/* Begin PBXVariantGroup section */
		87E17A371A2010AD00D9DCB4 /* Main.storyboard */ = {
			isa = PBXVariantGroup;
			children = (
				87E17A381A2010AD00D9DCB4 /* Base */,
			);
			name = Main.storyboard;
			sourceTree = "<group>";
		};
		87E17A3C1A2010AD00D9DCB4 /* LaunchScreen.xib */ = {
			isa = PBXVariantGroup;
			children = (
				87E17A3D1A2010AD00D9DCB4 /* Base */,
			);
			name = LaunchScreen.xib;
			sourceTree = "<group>";
		};
/* End PBXVariantGroup section */

/* Begin XCBuildConfiguration section */
		87E17A4B1A2010AD00D9DCB4 /* Debug */ = {
			isa = XCBuildConfiguration;
			buildSettings = {
				ALWAYS_SEARCH_USER_PATHS = NO;
				CLANG_CXX_LANGUAGE_STANDARD = "gnu++0x";
				CLANG_CXX_LIBRARY = "libc++";
				CLANG_ENABLE_MODULES = YES;
				CLANG_ENABLE_OBJC_ARC = YES;
				CLANG_WARN_BOOL_CONVERSION = YES;
				CLANG_WARN_CONSTANT_CONVERSION = YES;
				CLANG_WARN_DIRECT_OBJC_ISA_USAGE = YES_ERROR;
				CLANG_WARN_EMPTY_BODY = YES;
				CLANG_WARN_ENUM_CONVERSION = YES;
				CLANG_WARN_INT_CONVERSION = YES;
				CLANG_WARN_OBJC_ROOT_CLASS = YES_ERROR;
				CLANG_WARN_UNREACHABLE_CODE = YES;
				CLANG_WARN__DUPLICATE_METHOD_MATCH = YES;
				"CODE_SIGN_IDENTITY[sdk=iphoneos*]" = "iPhone Developer";
				COPY_PHASE_STRIP = NO;
				ENABLE_STRICT_OBJC_MSGSEND = YES;
				GCC_C_LANGUAGE_STANDARD = gnu99;
				GCC_DYNAMIC_NO_PIC = NO;
				GCC_OPTIMIZATION_LEVEL = 0;
				GCC_PREPROCESSOR_DEFINITIONS = (
					"DEBUG=1",
					"$(inherited)",
				);
				GCC_SYMBOLS_PRIVATE_EXTERN = NO;
				GCC_WARN_64_TO_32_BIT_CONVERSION = YES;
				GCC_WARN_ABOUT_RETURN_TYPE = YES_ERROR;
				GCC_WARN_UNDECLARED_SELECTOR = YES;
				GCC_WARN_UNINITIALIZED_AUTOS = YES_AGGRESSIVE;
				GCC_WARN_UNUSED_FUNCTION = YES;
				GCC_WARN_UNUSED_VARIABLE = YES;
				IPHONEOS_DEPLOYMENT_TARGET = 8.1;
				MTL_ENABLE_DEBUG_INFO = YES;
				ONLY_ACTIVE_ARCH = YES;
				SDKROOT = iphoneos;
				TARGETED_DEVICE_FAMILY = "1,2";
			};
			name = Debug;
		};
		87E17A4C1A2010AD00D9DCB4 /* Release */ = {
			isa = XCBuildConfiguration;
			buildSettings = {
				ALWAYS_SEARCH_USER_PATHS = NO;
				CLANG_CXX_LANGUAGE_STANDARD = "gnu++0x";
				CLANG_CXX_LIBRARY = "libc++";
				CLANG_ENABLE_MODULES = YES;
				CLANG_ENABLE_OBJC_ARC = YES;
				CLANG_WARN_BOOL_CONVERSION = YES;
				CLANG_WARN_CONSTANT_CONVERSION = YES;
				CLANG_WARN_DIRECT_OBJC_ISA_USAGE = YES_ERROR;
				CLANG_WARN_EMPTY_BODY = YES;
				CLANG_WARN_ENUM_CONVERSION = YES;
				CLANG_WARN_INT_CONVERSION = YES;
				CLANG_WARN_OBJC_ROOT_CLASS = YES_ERROR;
				CLANG_WARN_UNREACHABLE_CODE = YES;
				CLANG_WARN__DUPLICATE_METHOD_MATCH = YES;
				"CODE_SIGN_IDENTITY[sdk=iphoneos*]" = "iPhone Developer";
				COPY_PHASE_STRIP = YES;
				ENABLE_NS_ASSERTIONS = NO;
				ENABLE_STRICT_OBJC_MSGSEND = YES;
				GCC_C_LANGUAGE_STANDARD = gnu99;
				GCC_WARN_64_TO_32_BIT_CONVERSION = YES;
				GCC_WARN_ABOUT_RETURN_TYPE = YES_ERROR;
				GCC_WARN_UNDECLARED_SELECTOR = YES;
				GCC_WARN_UNINITIALIZED_AUTOS = YES_AGGRESSIVE;
				GCC_WARN_UNUSED_FUNCTION = YES;
				GCC_WARN_UNUSED_VARIABLE = YES;
				IPHONEOS_DEPLOYMENT_TARGET = 8.1;
				MTL_ENABLE_DEBUG_INFO = NO;
				SDKROOT = iphoneos;
				TARGETED_DEVICE_FAMILY = "1,2";
				VALIDATE_PRODUCT = YES;
			};
			name = Release;
		};
		87E17A4E1A2010AD00D9DCB4 /* Debug */ = {
			isa = XCBuildConfiguration;
			buildSettings = {
				ASSETCATALOG_COMPILER_APPICON_NAME = AppIcon;
				INFOPLIST_FILE = ImageSave/Info.plist;
				LD_RUNPATH_SEARCH_PATHS = "$(inherited) @executable_path/Frameworks";
				PRODUCT_NAME = "$(TARGET_NAME)";
			};
			name = Debug;
		};
		87E17A4F1A2010AD00D9DCB4 /* Release */ = {
			isa = XCBuildConfiguration;
			buildSettings = {
				ASSETCATALOG_COMPILER_APPICON_NAME = AppIcon;
				INFOPLIST_FILE = ImageSave/Info.plist;
				LD_RUNPATH_SEARCH_PATHS = "$(inherited) @executable_path/Frameworks";
				PRODUCT_NAME = "$(TARGET_NAME)";
			};
			name = Release;
		};
		87E17A511A2010AD00D9DCB4 /* Debug */ = {
			isa = XCBuildConfiguration;
			buildSettings = {
				BUNDLE_LOADER = "$(TEST_HOST)";
				FRAMEWORK_SEARCH_PATHS = (
					"$(SDKROOT)/Developer/Library/Frameworks",
					"$(inherited)",
				);
				GCC_PREPROCESSOR_DEFINITIONS = (
					"DEBUG=1",
					"$(inherited)",
				);
				INFOPLIST_FILE = ImageSaveTests/Info.plist;
				LD_RUNPATH_SEARCH_PATHS = "$(inherited) @executable_path/Frameworks @loader_path/Frameworks";
				PRODUCT_NAME = "$(TARGET_NAME)";
				TEST_HOST = "$(BUILT_PRODUCTS_DIR)/ImageSave.app/ImageSave";
			};
			name = Debug;
		};
		87E17A521A2010AD00D9DCB4 /* Release */ = {
			isa = XCBuildConfiguration;
			buildSettings = {
				BUNDLE_LOADER = "$(TEST_HOST)";
				FRAMEWORK_SEARCH_PATHS = (
					"$(SDKROOT)/Developer/Library/Frameworks",
					"$(inherited)",
				);
				INFOPLIST_FILE = ImageSaveTests/Info.plist;
				LD_RUNPATH_SEARCH_PATHS = "$(inherited) @executable_path/Frameworks @loader_path/Frameworks";
				PRODUCT_NAME = "$(TARGET_NAME)";
				TEST_HOST = "$(BUILT_PRODUCTS_DIR)/ImageSave.app/ImageSave";
			};
			name = Release;
		};
/* End XCBuildConfiguration section */

/* Begin XCConfigurationList section */
		87E17A251A2010AD00D9DCB4 /* Build configuration list for PBXProject "ImageSave" */ = {
			isa = XCConfigurationList;
			buildConfigurations = (
				87E17A4B1A2010AD00D9DCB4 /* Debug */,
				87E17A4C1A2010AD00D9DCB4 /* Release */,
			);
			defaultConfigurationIsVisible = 0;
			defaultConfigurationName = Release;
		};
		87E17A4D1A2010AD00D9DCB4 /* Build configuration list for PBXNativeTarget "ImageSave" */ = {
			isa = XCConfigurationList;
			buildConfigurations = (
				87E17A4E1A2010AD00D9DCB4 /* Debug */,
				87E17A4F1A2010AD00D9DCB4 /* Release */,
			);
			defaultConfigurationIsVisible = 0;
		};
		87E17A501A2010AD00D9DCB4 /* Build configuration list for PBXNativeTarget "ImageSaveTests" */ = {
			isa = XCConfigurationList;
			buildConfigurations = (
				87E17A511A2010AD00D9DCB4 /* Debug */,
				87E17A521A2010AD00D9DCB4 /* Release */,
			);
			defaultConfigurationIsVisible = 0;
		};
/* End XCConfigurationList section */
	};
	rootObject = 87E17A221A2010AD00D9DCB4 /* Project object */;
}
