// !$*UTF8*$!
{
	archiveVersion = 1;
	classes = {
	};
	objectVersion = 46;
	objects = {

/* Begin PBXBuildFile section */
		8741F45919D726EB0008424C /* main.m in Sources */ = {isa = PBXBuildFile; fileRef = 8741F45819D726EB0008424C /* main.m */; };
		8741F45C19D726EB0008424C /* AppDelegate.m in Sources */ = {isa = PBXBuildFile; fileRef = 8741F45B19D726EB0008424C /* AppDelegate.m */; };
		8741F45F19D726EB0008424C /* MainViewController.m in Sources */ = {isa = PBXBuildFile; fileRef = 8741F45E19D726EB0008424C /* MainViewController.m */; };
		8741F46219D726EB0008424C /* Main.storyboard in Resources */ = {isa = PBXBuildFile; fileRef = 8741F46019D726EB0008424C /* Main.storyboard */; };
		8741F46419D726EB0008424C /* Images.xcassets in Resources */ = {isa = PBXBuildFile; fileRef = 8741F46319D726EB0008424C /* Images.xcassets */; };
		8741F46719D726EB0008424C /* LaunchScreen.xib in Resources */ = {isa = PBXBuildFile; fileRef = 8741F46519D726EB0008424C /* LaunchScreen.xib */; };
		8741F47319D726EB0008424C /* MyAVPlayerTests.m in Sources */ = {isa = PBXBuildFile; fileRef = 8741F47219D726EB0008424C /* MyAVPlayerTests.m */; };
		8741F47E19D727BD0008424C /* FileViewController.m in Sources */ = {isa = PBXBuildFile; fileRef = 8741F47D19D727BD0008424C /* FileViewController.m */; };
		8741F48119D727FA0008424C /* AVFoundation.framework in Frameworks */ = {isa = PBXBuildFile; fileRef = 8741F47F19D727FA0008424C /* AVFoundation.framework */; };
		8741F48219D727FA0008424C /* AVKit.framework in Frameworks */ = {isa = PBXBuildFile; fileRef = 8741F48019D727FA0008424C /* AVKit.framework */; };
		8741F48619D73E410008424C /* logo.png in Resources */ = {isa = PBXBuildFile; fileRef = 8741F48519D73E410008424C /* logo.png */; };
/* End PBXBuildFile section */

/* Begin PBXContainerItemProxy section */
		8741F46D19D726EB0008424C /* PBXContainerItemProxy */ = {
			isa = PBXContainerItemProxy;
			containerPortal = 8741F44B19D726EB0008424C /* Project object */;
			proxyType = 1;
			remoteGlobalIDString = 8741F45219D726EB0008424C;
			remoteInfo = MyAVPlayer;
		};
/* End PBXContainerItemProxy section */

/* Begin PBXFileReference section */
		8741F45319D726EB0008424C /* MyAVPlayer.app */ = {isa = PBXFileReference; explicitFileType = wrapper.application; includeInIndex = 0; path = MyAVPlayer.app; sourceTree = BUILT_PRODUCTS_DIR; };
		8741F45719D726EB0008424C /* Info.plist */ = {isa = PBXFileReference; lastKnownFileType = text.plist.xml; path = Info.plist; sourceTree = "<group>"; };
		8741F45819D726EB0008424C /* main.m */ = {isa = PBXFileReference; lastKnownFileType = sourcecode.c.objc; path = main.m; sourceTree = "<group>"; };
		8741F45A19D726EB0008424C /* AppDelegate.h */ = {isa = PBXFileReference; lastKnownFileType = sourcecode.c.h; path = AppDelegate.h; sourceTree = "<group>"; };
		8741F45B19D726EB0008424C /* AppDelegate.m */ = {isa = PBXFileReference; lastKnownFileType = sourcecode.c.objc; path = AppDelegate.m; sourceTree = "<group>"; };
		8741F45D19D726EB0008424C /* MainViewController.h */ = {isa = PBXFileReference; lastKnownFileType = sourcecode.c.h; path = MainViewController.h; sourceTree = "<group>"; };
		8741F45E19D726EB0008424C /* MainViewController.m */ = {isa = PBXFileReference; lastKnownFileType = sourcecode.c.objc; path = MainViewController.m; sourceTree = "<group>"; };
		8741F46119D726EB0008424C /* Base */ = {isa = PBXFileReference; lastKnownFileType = file.storyboard; name = Base; path = Base.lproj/Main.storyboard; sourceTree = "<group>"; };
		8741F46319D726EB0008424C /* Images.xcassets */ = {isa = PBXFileReference; lastKnownFileType = folder.assetcatalog; path = Images.xcassets; sourceTree = "<group>"; };
		8741F46619D726EB0008424C /* Base */ = {isa = PBXFileReference; lastKnownFileType = file.xib; name = Base; path = Base.lproj/LaunchScreen.xib; sourceTree = "<group>"; };
		8741F46C19D726EB0008424C /* MyAVPlayerTests.xctest */ = {isa = PBXFileReference; explicitFileType = wrapper.cfbundle; includeInIndex = 0; path = MyAVPlayerTests.xctest; sourceTree = BUILT_PRODUCTS_DIR; };
		8741F47119D726EB0008424C /* Info.plist */ = {isa = PBXFileReference; lastKnownFileType = text.plist.xml; path = Info.plist; sourceTree = "<group>"; };
		8741F47219D726EB0008424C /* MyAVPlayerTests.m */ = {isa = PBXFileReference; lastKnownFileType = sourcecode.c.objc; path = MyAVPlayerTests.m; sourceTree = "<group>"; };
		8741F47C19D727BD0008424C /* FileViewController.h */ = {isa = PBXFileReference; fileEncoding = 4; lastKnownFileType = sourcecode.c.h; path = FileViewController.h; sourceTree = "<group>"; };
		8741F47D19D727BD0008424C /* FileViewController.m */ = {isa = PBXFileReference; fileEncoding = 4; lastKnownFileType = sourcecode.c.objc; path = FileViewController.m; sourceTree = "<group>"; };
		8741F47F19D727FA0008424C /* AVFoundation.framework */ = {isa = PBXFileReference; lastKnownFileType = wrapper.framework; name = AVFoundation.framework; path = System/Library/Frameworks/AVFoundation.framework; sourceTree = SDKROOT; };
		8741F48019D727FA0008424C /* AVKit.framework */ = {isa = PBXFileReference; lastKnownFileType = wrapper.framework; name = AVKit.framework; path = System/Library/Frameworks/AVKit.framework; sourceTree = SDKROOT; };
		8741F48519D73E410008424C /* logo.png */ = {isa = PBXFileReference; lastKnownFileType = image.png; path = logo.png; sourceTree = "<group>"; };
/* End PBXFileReference section */

/* Begin PBXFrameworksBuildPhase section */
		8741F45019D726EB0008424C /* Frameworks */ = {
			isa = PBXFrameworksBuildPhase;
			buildActionMask = 2147483647;
			files = (
				8741F48119D727FA0008424C /* AVFoundation.framework in Frameworks */,
				8741F48219D727FA0008424C /* AVKit.framework in Frameworks */,
			);
			runOnlyForDeploymentPostprocessing = 0;
		};
		8741F46919D726EB0008424C /* Frameworks */ = {
			isa = PBXFrameworksBuildPhase;
			buildActionMask = 2147483647;
			files = (
			);
			runOnlyForDeploymentPostprocessing = 0;
		};
/* End PBXFrameworksBuildPhase section */

/* Begin PBXGroup section */
		8741F44A19D726EB0008424C = {
			isa = PBXGroup;
			children = (
				8741F47F19D727FA0008424C /* AVFoundation.framework */,
				8741F48019D727FA0008424C /* AVKit.framework */,
				8741F45519D726EB0008424C /* MyAVPlayer */,
				8741F46F19D726EB0008424C /* MyAVPlayerTests */,
				8741F45419D726EB0008424C /* Products */,
			);
			sourceTree = "<group>";
		};
		8741F45419D726EB0008424C /* Products */ = {
			isa = PBXGroup;
			children = (
				8741F45319D726EB0008424C /* MyAVPlayer.app */,
				8741F46C19D726EB0008424C /* MyAVPlayerTests.xctest */,
			);
			name = Products;
			sourceTree = "<group>";
		};
		8741F45519D726EB0008424C /* MyAVPlayer */ = {
			isa = PBXGroup;
			children = (
				8741F45A19D726EB0008424C /* AppDelegate.h */,
				8741F45B19D726EB0008424C /* AppDelegate.m */,
				8741F45D19D726EB0008424C /* MainViewController.h */,
				8741F45E19D726EB0008424C /* MainViewController.m */,
				8741F47C19D727BD0008424C /* FileViewController.h */,
				8741F47D19D727BD0008424C /* FileViewController.m */,
				8741F46019D726EB0008424C /* Main.storyboard */,
				8741F46319D726EB0008424C /* Images.xcassets */,
				8741F46519D726EB0008424C /* LaunchScreen.xib */,
				8741F48519D73E410008424C /* logo.png */,
				8741F45619D726EB0008424C /* Supporting Files */,
			);
			path = MyAVPlayer;
			sourceTree = "<group>";
		};
		8741F45619D726EB0008424C /* Supporting Files */ = {
			isa = PBXGroup;
			children = (
				8741F45719D726EB0008424C /* Info.plist */,
				8741F45819D726EB0008424C /* main.m */,
			);
			name = "Supporting Files";
			sourceTree = "<group>";
		};
		8741F46F19D726EB0008424C /* MyAVPlayerTests */ = {
			isa = PBXGroup;
			children = (
				8741F47219D726EB0008424C /* MyAVPlayerTests.m */,
				8741F47019D726EB0008424C /* Supporting Files */,
			);
			path = MyAVPlayerTests;
			sourceTree = "<group>";
		};
		8741F47019D726EB0008424C /* Supporting Files */ = {
			isa = PBXGroup;
			children = (
				8741F47119D726EB0008424C /* Info.plist */,
			);
			name = "Supporting Files";
			sourceTree = "<group>";
		};
/* End PBXGroup section */

/* Begin PBXNativeTarget section */
		8741F45219D726EB0008424C /* MyAVPlayer */ = {
			isa = PBXNativeTarget;
			buildConfigurationList = 8741F47619D726EB0008424C /* Build configuration list for PBXNativeTarget "MyAVPlayer" */;
			buildPhases = (
				8741F44F19D726EB0008424C /* Sources */,
				8741F45019D726EB0008424C /* Frameworks */,
				8741F45119D726EB0008424C /* Resources */,
			);
			buildRules = (
			);
			dependencies = (
			);
			name = MyAVPlayer;
			productName = MyAVPlayer;
			productReference = 8741F45319D726EB0008424C /* MyAVPlayer.app */;
			productType = "com.apple.product-type.application";
		};
		8741F46B19D726EB0008424C /* MyAVPlayerTests */ = {
			isa = PBXNativeTarget;
			buildConfigurationList = 8741F47919D726EB0008424C /* Build configuration list for PBXNativeTarget "MyAVPlayerTests" */;
			buildPhases = (
				8741F46819D726EB0008424C /* Sources */,
				8741F46919D726EB0008424C /* Frameworks */,
				8741F46A19D726EB0008424C /* Resources */,
			);
			buildRules = (
			);
			dependencies = (
				8741F46E19D726EB0008424C /* PBXTargetDependency */,
			);
			name = MyAVPlayerTests;
			productName = MyAVPlayerTests;
			productReference = 8741F46C19D726EB0008424C /* MyAVPlayerTests.xctest */;
			productType = "com.apple.product-type.bundle.unit-test";
		};
/* End PBXNativeTarget section */

/* Begin PBXProject section */
		8741F44B19D726EB0008424C /* Project object */ = {
			isa = PBXProject;
			attributes = {
				LastUpgradeCheck = 0600;
				ORGANIZATIONNAME = "Ahmed Bakir";
				TargetAttributes = {
					8741F45219D726EB0008424C = {
						CreatedOnToolsVersion = 6.0.1;
					};
					8741F46B19D726EB0008424C = {
						CreatedOnToolsVersion = 6.0.1;
						TestTargetID = 8741F45219D726EB0008424C;
					};
				};
			};
			buildConfigurationList = 8741F44E19D726EB0008424C /* Build configuration list for PBXProject "MyAVPlayer" */;
			compatibilityVersion = "Xcode 3.2";
			developmentRegion = English;
			hasScannedForEncodings = 0;
			knownRegions = (
				en,
				Base,
			);
			mainGroup = 8741F44A19D726EB0008424C;
			productRefGroup = 8741F45419D726EB0008424C /* Products */;
			projectDirPath = "";
			projectRoot = "";
			targets = (
				8741F45219D726EB0008424C /* MyAVPlayer */,
				8741F46B19D726EB0008424C /* MyAVPlayerTests */,
			);
		};
/* End PBXProject section */

/* Begin PBXResourcesBuildPhase section */
		8741F45119D726EB0008424C /* Resources */ = {
			isa = PBXResourcesBuildPhase;
			buildActionMask = 2147483647;
			files = (
				8741F48619D73E410008424C /* logo.png in Resources */,
				8741F46219D726EB0008424C /* Main.storyboard in Resources */,
				8741F46719D726EB0008424C /* LaunchScreen.xib in Resources */,
				8741F46419D726EB0008424C /* Images.xcassets in Resources */,
			);
			runOnlyForDeploymentPostprocessing = 0;
		};
		8741F46A19D726EB0008424C /* Resources */ = {
			isa = PBXResourcesBuildPhase;
			buildActionMask = 2147483647;
			files = (
			);
			runOnlyForDeploymentPostprocessing = 0;
		};
/* End PBXResourcesBuildPhase section */

/* Begin PBXSourcesBuildPhase section */
		8741F44F19D726EB0008424C /* Sources */ = {
			isa = PBXSourcesBuildPhase;
			buildActionMask = 2147483647;
			files = (
				8741F45F19D726EB0008424C /* MainViewController.m in Sources */,
				8741F45C19D726EB0008424C /* AppDelegate.m in Sources */,
				8741F47E19D727BD0008424C /* FileViewController.m in Sources */,
				8741F45919D726EB0008424C /* main.m in Sources */,
			);
			runOnlyForDeploymentPostprocessing = 0;
		};
		8741F46819D726EB0008424C /* Sources */ = {
			isa = PBXSourcesBuildPhase;
			buildActionMask = 2147483647;
			files = (
				8741F47319D726EB0008424C /* MyAVPlayerTests.m in Sources */,
			);
			runOnlyForDeploymentPostprocessing = 0;
		};
/* End PBXSourcesBuildPhase section */

/* Begin PBXTargetDependency section */
		8741F46E19D726EB0008424C /* PBXTargetDependency */ = {
			isa = PBXTargetDependency;
			target = 8741F45219D726EB0008424C /* MyAVPlayer */;
			targetProxy = 8741F46D19D726EB0008424C /* PBXContainerItemProxy */;
		};
/* End PBXTargetDependency section */

/* Begin PBXVariantGroup section */
		8741F46019D726EB0008424C /* Main.storyboard */ = {
			isa = PBXVariantGroup;
			children = (
				8741F46119D726EB0008424C /* Base */,
			);
			name = Main.storyboard;
			sourceTree = "<group>";
		};
		8741F46519D726EB0008424C /* LaunchScreen.xib */ = {
			isa = PBXVariantGroup;
			children = (
				8741F46619D726EB0008424C /* Base */,
			);
			name = LaunchScreen.xib;
			sourceTree = "<group>";
		};
/* End PBXVariantGroup section */

/* Begin XCBuildConfiguration section */
		8741F47419D726EB0008424C /* Debug */ = {
			isa = XCBuildConfiguration;
			buildSettings = {
				ALWAYS_SEARCH_USER_PATHS = NO;
				CLANG_CXX_LANGUAGE_STANDARD = "gnu++0x";
				CLANG_CXX_LIBRARY = "libc++";
				CLANG_ENABLE_MODULES = YES;
				CLANG_ENABLE_OBJC_ARC = YES;
				CLANG_WARN_BOOL_CONVERSION = YES;
				CLANG_WARN_CONSTANT_CONVERSION = YES;
				CLANG_WARN_DIRECT_OBJC_ISA_USAGE = YES_ERROR;
				CLANG_WARN_EMPTY_BODY = YES;
				CLANG_WARN_ENUM_CONVERSION = YES;
				CLANG_WARN_INT_CONVERSION = YES;
				CLANG_WARN_OBJC_ROOT_CLASS = YES_ERROR;
				CLANG_WARN_UNREACHABLE_CODE = YES;
				CLANG_WARN__DUPLICATE_METHOD_MATCH = YES;
				"CODE_SIGN_IDENTITY[sdk=iphoneos*]" = "iPhone Developer";
				COPY_PHASE_STRIP = NO;
				ENABLE_STRICT_OBJC_MSGSEND = YES;
				GCC_C_LANGUAGE_STANDARD = gnu99;
				GCC_DYNAMIC_NO_PIC = NO;
				GCC_OPTIMIZATION_LEVEL = 0;
				GCC_PREPROCESSOR_DEFINITIONS = (
					"DEBUG=1",
					"$(inherited)",
				);
				GCC_SYMBOLS_PRIVATE_EXTERN = NO;
				GCC_WARN_64_TO_32_BIT_CONVERSION = YES;
				GCC_WARN_ABOUT_RETURN_TYPE = YES_ERROR;
				GCC_WARN_UNDECLARED_SELECTOR = YES;
				GCC_WARN_UNINITIALIZED_AUTOS = YES_AGGRESSIVE;
				GCC_WARN_UNUSED_FUNCTION = YES;
				GCC_WARN_UNUSED_VARIABLE = YES;
				IPHONEOS_DEPLOYMENT_TARGET = 8.0;
				MTL_ENABLE_DEBUG_INFO = YES;
				ONLY_ACTIVE_ARCH = YES;
				SDKROOT = iphoneos;
				TARGETED_DEVICE_FAMILY = "1,2";
			};
			name = Debug;
		};
		8741F47519D726EB0008424C /* Release */ = {
			isa = XCBuildConfiguration;
			buildSettings = {
				ALWAYS_SEARCH_USER_PATHS = NO;
				CLANG_CXX_LANGUAGE_STANDARD = "gnu++0x";
				CLANG_CXX_LIBRARY = "libc++";
				CLANG_ENABLE_MODULES = YES;
				CLANG_ENABLE_OBJC_ARC = YES;
				CLANG_WARN_BOOL_CONVERSION = YES;
				CLANG_WARN_CONSTANT_CONVERSION = YES;
				CLANG_WARN_DIRECT_OBJC_ISA_USAGE = YES_ERROR;
				CLANG_WARN_EMPTY_BODY = YES;
				CLANG_WARN_ENUM_CONVERSION = YES;
				CLANG_WARN_INT_CONVERSION = YES;
				CLANG_WARN_OBJC_ROOT_CLASS = YES_ERROR;
				CLANG_WARN_UNREACHABLE_CODE = YES;
				CLANG_WARN__DUPLICATE_METHOD_MATCH = YES;
				"CODE_SIGN_IDENTITY[sdk=iphoneos*]" = "iPhone Developer";
				COPY_PHASE_STRIP = YES;
				ENABLE_NS_ASSERTIONS = NO;
				ENABLE_STRICT_OBJC_MSGSEND = YES;
				GCC_C_LANGUAGE_STANDARD = gnu99;
				GCC_WARN_64_TO_32_BIT_CONVERSION = YES;
				GCC_WARN_ABOUT_RETURN_TYPE = YES_ERROR;
				GCC_WARN_UNDECLARED_SELECTOR = YES;
				GCC_WARN_UNINITIALIZED_AUTOS = YES_AGGRESSIVE;
				GCC_WARN_UNUSED_FUNCTION = YES;
				GCC_WARN_UNUSED_VARIABLE = YES;
				IPHONEOS_DEPLOYMENT_TARGET = 8.0;
				MTL_ENABLE_DEBUG_INFO = NO;
				SDKROOT = iphoneos;
				TARGETED_DEVICE_FAMILY = "1,2";
				VALIDATE_PRODUCT = YES;
			};
			name = Release;
		};
		8741F47719D726EB0008424C /* Debug */ = {
			isa = XCBuildConfiguration;
			buildSettings = {
				ASSETCATALOG_COMPILER_APPICON_NAME = AppIcon;
				INFOPLIST_FILE = MyAVPlayer/Info.plist;
				LD_RUNPATH_SEARCH_PATHS = "$(inherited) @executable_path/Frameworks";
				PRODUCT_NAME = "$(TARGET_NAME)";
			};
			name = Debug;
		};
		8741F47819D726EB0008424C /* Release */ = {
			isa = XCBuildConfiguration;
			buildSettings = {
				ASSETCATALOG_COMPILER_APPICON_NAME = AppIcon;
				INFOPLIST_FILE = MyAVPlayer/Info.plist;
				LD_RUNPATH_SEARCH_PATHS = "$(inherited) @executable_path/Frameworks";
				PRODUCT_NAME = "$(TARGET_NAME)";
			};
			name = Release;
		};
		8741F47A19D726EB0008424C /* Debug */ = {
			isa = XCBuildConfiguration;
			buildSettings = {
				BUNDLE_LOADER = "$(TEST_HOST)";
				FRAMEWORK_SEARCH_PATHS = (
					"$(SDKROOT)/Developer/Library/Frameworks",
					"$(inherited)",
				);
				GCC_PREPROCESSOR_DEFINITIONS = (
					"DEBUG=1",
					"$(inherited)",
				);
				INFOPLIST_FILE = MyAVPlayerTests/Info.plist;
				LD_RUNPATH_SEARCH_PATHS = "$(inherited) @executable_path/Frameworks @loader_path/Frameworks";
				PRODUCT_NAME = "$(TARGET_NAME)";
				TEST_HOST = "$(BUILT_PRODUCTS_DIR)/MyAVPlayer.app/MyAVPlayer";
			};
			name = Debug;
		};
		8741F47B19D726EB0008424C /* Release */ = {
			isa = XCBuildConfiguration;
			buildSettings = {
				BUNDLE_LOADER = "$(TEST_HOST)";
				FRAMEWORK_SEARCH_PATHS = (
					"$(SDKROOT)/Developer/Library/Frameworks",
					"$(inherited)",
				);
				INFOPLIST_FILE = MyAVPlayerTests/Info.plist;
				LD_RUNPATH_SEARCH_PATHS = "$(inherited) @executable_path/Frameworks @loader_path/Frameworks";
				PRODUCT_NAME = "$(TARGET_NAME)";
				TEST_HOST = "$(BUILT_PRODUCTS_DIR)/MyAVPlayer.app/MyAVPlayer";
			};
			name = Release;
		};
/* End XCBuildConfiguration section */

/* Begin XCConfigurationList section */
		8741F44E19D726EB0008424C /* Build configuration list for PBXProject "MyAVPlayer" */ = {
			isa = XCConfigurationList;
			buildConfigurations = (
				8741F47419D726EB0008424C /* Debug */,
				8741F47519D726EB0008424C /* Release */,
			);
			defaultConfigurationIsVisible = 0;
			defaultConfigurationName = Release;
		};
		8741F47619D726EB0008424C /* Build configuration list for PBXNativeTarget "MyAVPlayer" */ = {
			isa = XCConfigurationList;
			buildConfigurations = (
				8741F47719D726EB0008424C /* Debug */,
				8741F47819D726EB0008424C /* Release */,
			);
			defaultConfigurationIsVisible = 0;
			defaultConfigurationName = Release;
		};
		8741F47919D726EB0008424C /* Build configuration list for PBXNativeTarget "MyAVPlayerTests" */ = {
			isa = XCConfigurationList;
			buildConfigurations = (
				8741F47A19D726EB0008424C /* Debug */,
				8741F47B19D726EB0008424C /* Release */,
			);
			defaultConfigurationIsVisible = 0;
			defaultConfigurationName = Release;
		};
/* End XCConfigurationList section */
	};
	rootObject = 8741F44B19D726EB0008424C /* Project object */;
}
