// !$*UTF8*$!
{
	archiveVersion = 1;
	classes = {
	};
	objectVersion = 46;
	objects = {

/* Begin PBXBuildFile section */
		879D7D2A1A20DB88008605B4 /* main.m in Sources */ = {isa = PBXBuildFile; fileRef = 879D7D291A20DB88008605B4 /* main.m */; };
		879D7D2D1A20DB88008605B4 /* AppDelegate.m in Sources */ = {isa = PBXBuildFile; fileRef = 879D7D2C1A20DB88008605B4 /* AppDelegate.m */; };
		879D7D301A20DB88008605B4 /* MainViewController.m in Sources */ = {isa = PBXBuildFile; fileRef = 879D7D2F1A20DB88008605B4 /* MainViewController.m */; };
		879D7D331A20DB88008605B4 /* Main.storyboard in Resources */ = {isa = PBXBuildFile; fileRef = 879D7D311A20DB88008605B4 /* Main.storyboard */; };
		879D7D351A20DB88008605B4 /* Images.xcassets in Resources */ = {isa = PBXBuildFile; fileRef = 879D7D341A20DB88008605B4 /* Images.xcassets */; };
		879D7D381A20DB88008605B4 /* LaunchScreen.xib in Resources */ = {isa = PBXBuildFile; fileRef = 879D7D361A20DB88008605B4 /* LaunchScreen.xib */; };
		879D7D441A20DB88008605B4 /* MyStreamingPlayerTests.m in Sources */ = {isa = PBXBuildFile; fileRef = 879D7D431A20DB88008605B4 /* MyStreamingPlayerTests.m */; };
		879D7D4E1A210D1C008605B4 /* AVFoundation.framework in Frameworks */ = {isa = PBXBuildFile; fileRef = 879D7D4D1A210D1C008605B4 /* AVFoundation.framework */; };
/* End PBXBuildFile section */

/* Begin PBXContainerItemProxy section */
		879D7D3E1A20DB88008605B4 /* PBXContainerItemProxy */ = {
			isa = PBXContainerItemProxy;
			containerPortal = 879D7D1C1A20DB88008605B4 /* Project object */;
			proxyType = 1;
			remoteGlobalIDString = 879D7D231A20DB88008605B4;
			remoteInfo = MyStreamingPlayer;
		};
/* End PBXContainerItemProxy section */

/* Begin PBXFileReference section */
		879D7D241A20DB88008605B4 /* MyStreamingPlayer.app */ = {isa = PBXFileReference; explicitFileType = wrapper.application; includeInIndex = 0; path = MyStreamingPlayer.app; sourceTree = BUILT_PRODUCTS_DIR; };
		879D7D281A20DB88008605B4 /* Info.plist */ = {isa = PBXFileReference; lastKnownFileType = text.plist.xml; path = Info.plist; sourceTree = "<group>"; };
		879D7D291A20DB88008605B4 /* main.m */ = {isa = PBXFileReference; lastKnownFileType = sourcecode.c.objc; path = main.m; sourceTree = "<group>"; };
		879D7D2B1A20DB88008605B4 /* AppDelegate.h */ = {isa = PBXFileReference; lastKnownFileType = sourcecode.c.h; path = AppDelegate.h; sourceTree = "<group>"; };
		879D7D2C1A20DB88008605B4 /* AppDelegate.m */ = {isa = PBXFileReference; lastKnownFileType = sourcecode.c.objc; path = AppDelegate.m; sourceTree = "<group>"; };
		879D7D2E1A20DB88008605B4 /* MainViewController.h */ = {isa = PBXFileReference; lastKnownFileType = sourcecode.c.h; path = MainViewController.h; sourceTree = "<group>"; };
		879D7D2F1A20DB88008605B4 /* MainViewController.m */ = {isa = PBXFileReference; lastKnownFileType = sourcecode.c.objc; path = MainViewController.m; sourceTree = "<group>"; };
		879D7D321A20DB88008605B4 /* Base */ = {isa = PBXFileReference; lastKnownFileType = file.storyboard; name = Base; path = Base.lproj/Main.storyboard; sourceTree = "<group>"; };
		879D7D341A20DB88008605B4 /* Images.xcassets */ = {isa = PBXFileReference; lastKnownFileType = folder.assetcatalog; path = Images.xcassets; sourceTree = "<group>"; };
		879D7D371A20DB88008605B4 /* Base */ = {isa = PBXFileReference; lastKnownFileType = file.xib; name = Base; path = Base.lproj/LaunchScreen.xib; sourceTree = "<group>"; };
		879D7D3D1A20DB88008605B4 /* MyStreamingPlayerTests.xctest */ = {isa = PBXFileReference; explicitFileType = wrapper.cfbundle; includeInIndex = 0; path = MyStreamingPlayerTests.xctest; sourceTree = BUILT_PRODUCTS_DIR; };
		879D7D421A20DB88008605B4 /* Info.plist */ = {isa = PBXFileReference; lastKnownFileType = text.plist.xml; path = Info.plist; sourceTree = "<group>"; };
		879D7D431A20DB88008605B4 /* MyStreamingPlayerTests.m */ = {isa = PBXFileReference; lastKnownFileType = sourcecode.c.objc; path = MyStreamingPlayerTests.m; sourceTree = "<group>"; };
		879D7D4D1A210D1C008605B4 /* AVFoundation.framework */ = {isa = PBXFileReference; lastKnownFileType = wrapper.framework; name = AVFoundation.framework; path = System/Library/Frameworks/AVFoundation.framework; sourceTree = SDKROOT; };
/* End PBXFileReference section */

/* Begin PBXFrameworksBuildPhase section */
		879D7D211A20DB88008605B4 /* Frameworks */ = {
			isa = PBXFrameworksBuildPhase;
			buildActionMask = 2147483647;
			files = (
				879D7D4E1A210D1C008605B4 /* AVFoundation.framework in Frameworks */,
			);
			runOnlyForDeploymentPostprocessing = 0;
		};
		879D7D3A1A20DB88008605B4 /* Frameworks */ = {
			isa = PBXFrameworksBuildPhase;
			buildActionMask = 2147483647;
			files = (
			);
			runOnlyForDeploymentPostprocessing = 0;
		};
/* End PBXFrameworksBuildPhase section */

/* Begin PBXGroup section */
		879D7D1B1A20DB88008605B4 = {
			isa = PBXGroup;
			children = (
				879D7D4D1A210D1C008605B4 /* AVFoundation.framework */,
				879D7D261A20DB88008605B4 /* MyStreamingPlayer */,
				879D7D401A20DB88008605B4 /* MyStreamingPlayerTests */,
				879D7D251A20DB88008605B4 /* Products */,
			);
			sourceTree = "<group>";
		};
		879D7D251A20DB88008605B4 /* Products */ = {
			isa = PBXGroup;
			children = (
				879D7D241A20DB88008605B4 /* MyStreamingPlayer.app */,
				879D7D3D1A20DB88008605B4 /* MyStreamingPlayerTests.xctest */,
			);
			name = Products;
			sourceTree = "<group>";
		};
		879D7D261A20DB88008605B4 /* MyStreamingPlayer */ = {
			isa = PBXGroup;
			children = (
				879D7D2B1A20DB88008605B4 /* AppDelegate.h */,
				879D7D2C1A20DB88008605B4 /* AppDelegate.m */,
				879D7D2E1A20DB88008605B4 /* MainViewController.h */,
				879D7D2F1A20DB88008605B4 /* MainViewController.m */,
				879D7D311A20DB88008605B4 /* Main.storyboard */,
				879D7D341A20DB88008605B4 /* Images.xcassets */,
				879D7D361A20DB88008605B4 /* LaunchScreen.xib */,
				879D7D271A20DB88008605B4 /* Supporting Files */,
			);
			path = MyStreamingPlayer;
			sourceTree = "<group>";
		};
		879D7D271A20DB88008605B4 /* Supporting Files */ = {
			isa = PBXGroup;
			children = (
				879D7D281A20DB88008605B4 /* Info.plist */,
				879D7D291A20DB88008605B4 /* main.m */,
			);
			name = "Supporting Files";
			sourceTree = "<group>";
		};
		879D7D401A20DB88008605B4 /* MyStreamingPlayerTests */ = {
			isa = PBXGroup;
			children = (
				879D7D431A20DB88008605B4 /* MyStreamingPlayerTests.m */,
				879D7D411A20DB88008605B4 /* Supporting Files */,
			);
			path = MyStreamingPlayerTests;
			sourceTree = "<group>";
		};
		879D7D411A20DB88008605B4 /* Supporting Files */ = {
			isa = PBXGroup;
			children = (
				879D7D421A20DB88008605B4 /* Info.plist */,
			);
			name = "Supporting Files";
			sourceTree = "<group>";
		};
/* End PBXGroup section */

/* Begin PBXNativeTarget section */
		879D7D231A20DB88008605B4 /* MyStreamingPlayer */ = {
			isa = PBXNativeTarget;
			buildConfigurationList = 879D7D471A20DB88008605B4 /* Build configuration list for PBXNativeTarget "MyStreamingPlayer" */;
			buildPhases = (
				879D7D201A20DB88008605B4 /* Sources */,
				879D7D211A20DB88008605B4 /* Frameworks */,
				879D7D221A20DB88008605B4 /* Resources */,
			);
			buildRules = (
			);
			dependencies = (
			);
			name = MyStreamingPlayer;
			productName = MyStreamingPlayer;
			productReference = 879D7D241A20DB88008605B4 /* MyStreamingPlayer.app */;
			productType = "com.apple.product-type.application";
		};
		879D7D3C1A20DB88008605B4 /* MyStreamingPlayerTests */ = {
			isa = PBXNativeTarget;
			buildConfigurationList = 879D7D4A1A20DB88008605B4 /* Build configuration list for PBXNativeTarget "MyStreamingPlayerTests" */;
			buildPhases = (
				879D7D391A20DB88008605B4 /* Sources */,
				879D7D3A1A20DB88008605B4 /* Frameworks */,
				879D7D3B1A20DB88008605B4 /* Resources */,
			);
			buildRules = (
			);
			dependencies = (
				879D7D3F1A20DB88008605B4 /* PBXTargetDependency */,
			);
			name = MyStreamingPlayerTests;
			productName = MyStreamingPlayerTests;
			productReference = 879D7D3D1A20DB88008605B4 /* MyStreamingPlayerTests.xctest */;
			productType = "com.apple.product-type.bundle.unit-test";
		};
/* End PBXNativeTarget section */

/* Begin PBXProject section */
		879D7D1C1A20DB88008605B4 /* Project object */ = {
			isa = PBXProject;
			attributes = {
				LastUpgradeCheck = 0610;
				ORGANIZATIONNAME = "Ahmed Bakir";
				TargetAttributes = {
					879D7D231A20DB88008605B4 = {
						CreatedOnToolsVersion = 6.1;
					};
					879D7D3C1A20DB88008605B4 = {
						CreatedOnToolsVersion = 6.1;
						TestTargetID = 879D7D231A20DB88008605B4;
					};
				};
			};
			buildConfigurationList = 879D7D1F1A20DB88008605B4 /* Build configuration list for PBXProject "MyStreamingPlayer" */;
			compatibilityVersion = "Xcode 3.2";
			developmentRegion = English;
			hasScannedForEncodings = 0;
			knownRegions = (
				en,
				Base,
			);
			mainGroup = 879D7D1B1A20DB88008605B4;
			productRefGroup = 879D7D251A20DB88008605B4 /* Products */;
			projectDirPath = "";
			projectRoot = "";
			targets = (
				879D7D231A20DB88008605B4 /* MyStreamingPlayer */,
				879D7D3C1A20DB88008605B4 /* MyStreamingPlayerTests */,
			);
		};
/* End PBXProject section */

/* Begin PBXResourcesBuildPhase section */
		879D7D221A20DB88008605B4 /* Resources */ = {
			isa = PBXResourcesBuildPhase;
			buildActionMask = 2147483647;
			files = (
				879D7D331A20DB88008605B4 /* Main.storyboard in Resources */,
				879D7D381A20DB88008605B4 /* LaunchScreen.xib in Resources */,
				879D7D351A20DB88008605B4 /* Images.xcassets in Resources */,
			);
			runOnlyForDeploymentPostprocessing = 0;
		};
		879D7D3B1A20DB88008605B4 /* Resources */ = {
			isa = PBXResourcesBuildPhase;
			buildActionMask = 2147483647;
			files = (
			);
			runOnlyForDeploymentPostprocessing = 0;
		};
/* End PBXResourcesBuildPhase section */

/* Begin PBXSourcesBuildPhase section */
		879D7D201A20DB88008605B4 /* Sources */ = {
			isa = PBXSourcesBuildPhase;
			buildActionMask = 2147483647;
			files = (
				879D7D301A20DB88008605B4 /* MainViewController.m in Sources */,
				879D7D2D1A20DB88008605B4 /* AppDelegate.m in Sources */,
				879D7D2A1A20DB88008605B4 /* main.m in Sources */,
			);
			runOnlyForDeploymentPostprocessing = 0;
		};
		879D7D391A20DB88008605B4 /* Sources */ = {
			isa = PBXSourcesBuildPhase;
			buildActionMask = 2147483647;
			files = (
				879D7D441A20DB88008605B4 /* MyStreamingPlayerTests.m in Sources */,
			);
			runOnlyForDeploymentPostprocessing = 0;
		};
/* End PBXSourcesBuildPhase section */

/* Begin PBXTargetDependency section */
		879D7D3F1A20DB88008605B4 /* PBXTargetDependency */ = {
			isa = PBXTargetDependency;
			target = 879D7D231A20DB88008605B4 /* MyStreamingPlayer */;
			targetProxy = 879D7D3E1A20DB88008605B4 /* PBXContainerItemProxy */;
		};
/* End PBXTargetDependency section */

/* Begin PBXVariantGroup section */
		879D7D311A20DB88008605B4 /* Main.storyboard */ = {
			isa = PBXVariantGroup;
			children = (
				879D7D321A20DB88008605B4 /* Base */,
			);
			name = Main.storyboard;
			sourceTree = "<group>";
		};
		879D7D361A20DB88008605B4 /* LaunchScreen.xib */ = {
			isa = PBXVariantGroup;
			children = (
				879D7D371A20DB88008605B4 /* Base */,
			);
			name = LaunchScreen.xib;
			sourceTree = "<group>";
		};
/* End PBXVariantGroup section */

/* Begin XCBuildConfiguration section */
		879D7D451A20DB88008605B4 /* Debug */ = {
			isa = XCBuildConfiguration;
			buildSettings = {
				ALWAYS_SEARCH_USER_PATHS = NO;
				CLANG_CXX_LANGUAGE_STANDARD = "gnu++0x";
				CLANG_CXX_LIBRARY = "libc++";
				CLANG_ENABLE_MODULES = YES;
				CLANG_ENABLE_OBJC_ARC = YES;
				CLANG_WARN_BOOL_CONVERSION = YES;
				CLANG_WARN_CONSTANT_CONVERSION = YES;
				CLANG_WARN_DIRECT_OBJC_ISA_USAGE = YES_ERROR;
				CLANG_WARN_EMPTY_BODY = YES;
				CLANG_WARN_ENUM_CONVERSION = YES;
				CLANG_WARN_INT_CONVERSION = YES;
				CLANG_WARN_OBJC_ROOT_CLASS = YES_ERROR;
				CLANG_WARN_UNREACHABLE_CODE = YES;
				CLANG_WARN__DUPLICATE_METHOD_MATCH = YES;
				"CODE_SIGN_IDENTITY[sdk=iphoneos*]" = "iPhone Developer";
				COPY_PHASE_STRIP = NO;
				ENABLE_STRICT_OBJC_MSGSEND = YES;
				GCC_C_LANGUAGE_STANDARD = gnu99;
				GCC_DYNAMIC_NO_PIC = NO;
				GCC_OPTIMIZATION_LEVEL = 0;
				GCC_PREPROCESSOR_DEFINITIONS = (
					"DEBUG=1",
					"$(inherited)",
				);
				GCC_SYMBOLS_PRIVATE_EXTERN = NO;
				GCC_WARN_64_TO_32_BIT_CONVERSION = YES;
				GCC_WARN_ABOUT_RETURN_TYPE = YES_ERROR;
				GCC_WARN_UNDECLARED_SELECTOR = YES;
				GCC_WARN_UNINITIALIZED_AUTOS = YES_AGGRESSIVE;
				GCC_WARN_UNUSED_FUNCTION = YES;
				GCC_WARN_UNUSED_VARIABLE = YES;
				IPHONEOS_DEPLOYMENT_TARGET = 8.1;
				MTL_ENABLE_DEBUG_INFO = YES;
				ONLY_ACTIVE_ARCH = YES;
				SDKROOT = iphoneos;
				TARGETED_DEVICE_FAMILY = "1,2";
			};
			name = Debug;
		};
		879D7D461A20DB88008605B4 /* Release */ = {
			isa = XCBuildConfiguration;
			buildSettings = {
				ALWAYS_SEARCH_USER_PATHS = NO;
				CLANG_CXX_LANGUAGE_STANDARD = "gnu++0x";
				CLANG_CXX_LIBRARY = "libc++";
				CLANG_ENABLE_MODULES = YES;
				CLANG_ENABLE_OBJC_ARC = YES;
				CLANG_WARN_BOOL_CONVERSION = YES;
				CLANG_WARN_CONSTANT_CONVERSION = YES;
				CLANG_WARN_DIRECT_OBJC_ISA_USAGE = YES_ERROR;
				CLANG_WARN_EMPTY_BODY = YES;
				CLANG_WARN_ENUM_CONVERSION = YES;
				CLANG_WARN_INT_CONVERSION = YES;
				CLANG_WARN_OBJC_ROOT_CLASS = YES_ERROR;
				CLANG_WARN_UNREACHABLE_CODE = YES;
				CLANG_WARN__DUPLICATE_METHOD_MATCH = YES;
				"CODE_SIGN_IDENTITY[sdk=iphoneos*]" = "iPhone Developer";
				COPY_PHASE_STRIP = YES;
				ENABLE_NS_ASSERTIONS = NO;
				ENABLE_STRICT_OBJC_MSGSEND = YES;
				GCC_C_LANGUAGE_STANDARD = gnu99;
				GCC_WARN_64_TO_32_BIT_CONVERSION = YES;
				GCC_WARN_ABOUT_RETURN_TYPE = YES_ERROR;
				GCC_WARN_UNDECLARED_SELECTOR = YES;
				GCC_WARN_UNINITIALIZED_AUTOS = YES_AGGRESSIVE;
				GCC_WARN_UNUSED_FUNCTION = YES;
				GCC_WARN_UNUSED_VARIABLE = YES;
				IPHONEOS_DEPLOYMENT_TARGET = 8.1;
				MTL_ENABLE_DEBUG_INFO = NO;
				SDKROOT = iphoneos;
				TARGETED_DEVICE_FAMILY = "1,2";
				VALIDATE_PRODUCT = YES;
			};
			name = Release;
		};
		879D7D481A20DB88008605B4 /* Debug */ = {
			isa = XCBuildConfiguration;
			buildSettings = {
				ASSETCATALOG_COMPILER_APPICON_NAME = AppIcon;
				INFOPLIST_FILE = MyStreamingPlayer/Info.plist;
				LD_RUNPATH_SEARCH_PATHS = "$(inherited) @executable_path/Frameworks";
				PRODUCT_NAME = "$(TARGET_NAME)";
			};
			name = Debug;
		};
		879D7D491A20DB88008605B4 /* Release */ = {
			isa = XCBuildConfiguration;
			buildSettings = {
				ASSETCATALOG_COMPILER_APPICON_NAME = AppIcon;
				INFOPLIST_FILE = MyStreamingPlayer/Info.plist;
				LD_RUNPATH_SEARCH_PATHS = "$(inherited) @executable_path/Frameworks";
				PRODUCT_NAME = "$(TARGET_NAME)";
			};
			name = Release;
		};
		879D7D4B1A20DB88008605B4 /* Debug */ = {
			isa = XCBuildConfiguration;
			buildSettings = {
				BUNDLE_LOADER = "$(TEST_HOST)";
				FRAMEWORK_SEARCH_PATHS = (
					"$(SDKROOT)/Developer/Library/Frameworks",
					"$(inherited)",
				);
				GCC_PREPROCESSOR_DEFINITIONS = (
					"DEBUG=1",
					"$(inherited)",
				);
				INFOPLIST_FILE = MyStreamingPlayerTests/Info.plist;
				LD_RUNPATH_SEARCH_PATHS = "$(inherited) @executable_path/Frameworks @loader_path/Frameworks";
				PRODUCT_NAME = "$(TARGET_NAME)";
				TEST_HOST = "$(BUILT_PRODUCTS_DIR)/MyStreamingPlayer.app/MyStreamingPlayer";
			};
			name = Debug;
		};
		879D7D4C1A20DB88008605B4 /* Release */ = {
			isa = XCBuildConfiguration;
			buildSettings = {
				BUNDLE_LOADER = "$(TEST_HOST)";
				FRAMEWORK_SEARCH_PATHS = (
					"$(SDKROOT)/Developer/Library/Frameworks",
					"$(inherited)",
				);
				INFOPLIST_FILE = MyStreamingPlayerTests/Info.plist;
				LD_RUNPATH_SEARCH_PATHS = "$(inherited) @executable_path/Frameworks @loader_path/Frameworks";
				PRODUCT_NAME = "$(TARGET_NAME)";
				TEST_HOST = "$(BUILT_PRODUCTS_DIR)/MyStreamingPlayer.app/MyStreamingPlayer";
			};
			name = Release;
		};
/* End XCBuildConfiguration section */

/* Begin XCConfigurationList section */
		879D7D1F1A20DB88008605B4 /* Build configuration list for PBXProject "MyStreamingPlayer" */ = {
			isa = XCConfigurationList;
			buildConfigurations = (
				879D7D451A20DB88008605B4 /* Debug */,
				879D7D461A20DB88008605B4 /* Release */,
			);
			defaultConfigurationIsVisible = 0;
			defaultConfigurationName = Release;
		};
		879D7D471A20DB88008605B4 /* Build configuration list for PBXNativeTarget "MyStreamingPlayer" */ = {
			isa = XCConfigurationList;
			buildConfigurations = (
				879D7D481A20DB88008605B4 /* Debug */,
				879D7D491A20DB88008605B4 /* Release */,
			);
			defaultConfigurationIsVisible = 0;
		};
		879D7D4A1A20DB88008605B4 /* Build configuration list for PBXNativeTarget "MyStreamingPlayerTests" */ = {
			isa = XCConfigurationList;
			buildConfigurations = (
				879D7D4B1A20DB88008605B4 /* Debug */,
				879D7D4C1A20DB88008605B4 /* Release */,
			);
			defaultConfigurationIsVisible = 0;
		};
/* End XCConfigurationList section */
	};
	rootObject = 879D7D1C1A20DB88008605B4 /* Project object */;
}
