// !$*UTF8*$!
{
	archiveVersion = 1;
	classes = {
	};
	objectVersion = 46;
	objects = {

/* Begin PBXBuildFile section */
		8706A1221A2183D4007D0F81 /* main.m in Sources */ = {isa = PBXBuildFile; fileRef = 8706A1211A2183D4007D0F81 /* main.m */; };
		8706A1251A2183D4007D0F81 /* AppDelegate.m in Sources */ = {isa = PBXBuildFile; fileRef = 8706A1241A2183D4007D0F81 /* AppDelegate.m */; };
		8706A1281A2183D4007D0F81 /* MainViewController.m in Sources */ = {isa = PBXBuildFile; fileRef = 8706A1271A2183D4007D0F81 /* MainViewController.m */; };
		8706A12B1A2183D4007D0F81 /* Main.storyboard in Resources */ = {isa = PBXBuildFile; fileRef = 8706A1291A2183D4007D0F81 /* Main.storyboard */; };
		8706A12D1A2183D4007D0F81 /* Images.xcassets in Resources */ = {isa = PBXBuildFile; fileRef = 8706A12C1A2183D4007D0F81 /* Images.xcassets */; };
		8706A1301A2183D4007D0F81 /* LaunchScreen.xib in Resources */ = {isa = PBXBuildFile; fileRef = 8706A12E1A2183D4007D0F81 /* LaunchScreen.xib */; };
		8706A13C1A2183D4007D0F81 /* MyCustomVideoPlayerTests.m in Sources */ = {isa = PBXBuildFile; fileRef = 8706A13B1A2183D4007D0F81 /* MyCustomVideoPlayerTests.m */; };
		8706A1491A2184BC007D0F81 /* CustomPlayerController.m in Sources */ = {isa = PBXBuildFile; fileRef = 8706A1461A2184BC007D0F81 /* CustomPlayerController.m */; };
		8706A14A1A2184BC007D0F81 /* FileViewController.m in Sources */ = {isa = PBXBuildFile; fileRef = 8706A1481A2184BC007D0F81 /* FileViewController.m */; };
		8706A14C1A2184CA007D0F81 /* AVFoundation.framework in Frameworks */ = {isa = PBXBuildFile; fileRef = 8706A14B1A2184CA007D0F81 /* AVFoundation.framework */; };
/* End PBXBuildFile section */

/* Begin PBXContainerItemProxy section */
		8706A1361A2183D4007D0F81 /* PBXContainerItemProxy */ = {
			isa = PBXContainerItemProxy;
			containerPortal = 8706A1141A2183D4007D0F81 /* Project object */;
			proxyType = 1;
			remoteGlobalIDString = 8706A11B1A2183D4007D0F81;
			remoteInfo = MyCustomVideoPlayer;
		};
/* End PBXContainerItemProxy section */

/* Begin PBXFileReference section */
		8706A11C1A2183D4007D0F81 /* MyCustomVideoPlayer.app */ = {isa = PBXFileReference; explicitFileType = wrapper.application; includeInIndex = 0; path = MyCustomVideoPlayer.app; sourceTree = BUILT_PRODUCTS_DIR; };
		8706A1201A2183D4007D0F81 /* Info.plist */ = {isa = PBXFileReference; lastKnownFileType = text.plist.xml; path = Info.plist; sourceTree = "<group>"; };
		8706A1211A2183D4007D0F81 /* main.m */ = {isa = PBXFileReference; lastKnownFileType = sourcecode.c.objc; path = main.m; sourceTree = "<group>"; };
		8706A1231A2183D4007D0F81 /* AppDelegate.h */ = {isa = PBXFileReference; lastKnownFileType = sourcecode.c.h; path = AppDelegate.h; sourceTree = "<group>"; };
		8706A1241A2183D4007D0F81 /* AppDelegate.m */ = {isa = PBXFileReference; lastKnownFileType = sourcecode.c.objc; path = AppDelegate.m; sourceTree = "<group>"; };
		8706A1261A2183D4007D0F81 /* MainViewController.h */ = {isa = PBXFileReference; lastKnownFileType = sourcecode.c.h; path = MainViewController.h; sourceTree = "<group>"; };
		8706A1271A2183D4007D0F81 /* MainViewController.m */ = {isa = PBXFileReference; lastKnownFileType = sourcecode.c.objc; path = MainViewController.m; sourceTree = "<group>"; };
		8706A12A1A2183D4007D0F81 /* Base */ = {isa = PBXFileReference; lastKnownFileType = file.storyboard; name = Base; path = Base.lproj/Main.storyboard; sourceTree = "<group>"; };
		8706A12C1A2183D4007D0F81 /* Images.xcassets */ = {isa = PBXFileReference; lastKnownFileType = folder.assetcatalog; path = Images.xcassets; sourceTree = "<group>"; };
		8706A12F1A2183D4007D0F81 /* Base */ = {isa = PBXFileReference; lastKnownFileType = file.xib; name = Base; path = Base.lproj/LaunchScreen.xib; sourceTree = "<group>"; };
		8706A1351A2183D4007D0F81 /* MyCustomVideoPlayerTests.xctest */ = {isa = PBXFileReference; explicitFileType = wrapper.cfbundle; includeInIndex = 0; path = MyCustomVideoPlayerTests.xctest; sourceTree = BUILT_PRODUCTS_DIR; };
		8706A13A1A2183D4007D0F81 /* Info.plist */ = {isa = PBXFileReference; lastKnownFileType = text.plist.xml; path = Info.plist; sourceTree = "<group>"; };
		8706A13B1A2183D4007D0F81 /* MyCustomVideoPlayerTests.m */ = {isa = PBXFileReference; lastKnownFileType = sourcecode.c.objc; path = MyCustomVideoPlayerTests.m; sourceTree = "<group>"; };
		8706A1451A2184BB007D0F81 /* CustomPlayerController.h */ = {isa = PBXFileReference; fileEncoding = 4; lastKnownFileType = sourcecode.c.h; path = CustomPlayerController.h; sourceTree = "<group>"; };
		8706A1461A2184BC007D0F81 /* CustomPlayerController.m */ = {isa = PBXFileReference; fileEncoding = 4; lastKnownFileType = sourcecode.c.objc; path = CustomPlayerController.m; sourceTree = "<group>"; };
		8706A1471A2184BC007D0F81 /* FileViewController.h */ = {isa = PBXFileReference; fileEncoding = 4; lastKnownFileType = sourcecode.c.h; path = FileViewController.h; sourceTree = "<group>"; };
		8706A1481A2184BC007D0F81 /* FileViewController.m */ = {isa = PBXFileReference; fileEncoding = 4; lastKnownFileType = sourcecode.c.objc; path = FileViewController.m; sourceTree = "<group>"; };
		8706A14B1A2184CA007D0F81 /* AVFoundation.framework */ = {isa = PBXFileReference; lastKnownFileType = wrapper.framework; name = AVFoundation.framework; path = System/Library/Frameworks/AVFoundation.framework; sourceTree = SDKROOT; };
/* End PBXFileReference section */

/* Begin PBXFrameworksBuildPhase section */
		8706A1191A2183D4007D0F81 /* Frameworks */ = {
			isa = PBXFrameworksBuildPhase;
			buildActionMask = 2147483647;
			files = (
				8706A14C1A2184CA007D0F81 /* AVFoundation.framework in Frameworks */,
			);
			runOnlyForDeploymentPostprocessing = 0;
		};
		8706A1321A2183D4007D0F81 /* Frameworks */ = {
			isa = PBXFrameworksBuildPhase;
			buildActionMask = 2147483647;
			files = (
			);
			runOnlyForDeploymentPostprocessing = 0;
		};
/* End PBXFrameworksBuildPhase section */

/* Begin PBXGroup section */
		8706A1131A2183D4007D0F81 = {
			isa = PBXGroup;
			children = (
				8706A14B1A2184CA007D0F81 /* AVFoundation.framework */,
				8706A11E1A2183D4007D0F81 /* MyCustomVideoPlayer */,
				8706A1381A2183D4007D0F81 /* MyCustomVideoPlayerTests */,
				8706A11D1A2183D4007D0F81 /* Products */,
			);
			sourceTree = "<group>";
		};
		8706A11D1A2183D4007D0F81 /* Products */ = {
			isa = PBXGroup;
			children = (
				8706A11C1A2183D4007D0F81 /* MyCustomVideoPlayer.app */,
				8706A1351A2183D4007D0F81 /* MyCustomVideoPlayerTests.xctest */,
			);
			name = Products;
			sourceTree = "<group>";
		};
		8706A11E1A2183D4007D0F81 /* MyCustomVideoPlayer */ = {
			isa = PBXGroup;
			children = (
				8706A1231A2183D4007D0F81 /* AppDelegate.h */,
				8706A1241A2183D4007D0F81 /* AppDelegate.m */,
				8706A1261A2183D4007D0F81 /* MainViewController.h */,
				8706A1271A2183D4007D0F81 /* MainViewController.m */,
				8706A1451A2184BB007D0F81 /* CustomPlayerController.h */,
				8706A1461A2184BC007D0F81 /* CustomPlayerController.m */,
				8706A1471A2184BC007D0F81 /* FileViewController.h */,
				8706A1481A2184BC007D0F81 /* FileViewController.m */,
				8706A1291A2183D4007D0F81 /* Main.storyboard */,
				8706A12C1A2183D4007D0F81 /* Images.xcassets */,
				8706A12E1A2183D4007D0F81 /* LaunchScreen.xib */,
				8706A11F1A2183D4007D0F81 /* Supporting Files */,
			);
			path = MyCustomVideoPlayer;
			sourceTree = "<group>";
		};
		8706A11F1A2183D4007D0F81 /* Supporting Files */ = {
			isa = PBXGroup;
			children = (
				8706A1201A2183D4007D0F81 /* Info.plist */,
				8706A1211A2183D4007D0F81 /* main.m */,
			);
			name = "Supporting Files";
			sourceTree = "<group>";
		};
		8706A1381A2183D4007D0F81 /* MyCustomVideoPlayerTests */ = {
			isa = PBXGroup;
			children = (
				8706A13B1A2183D4007D0F81 /* MyCustomVideoPlayerTests.m */,
				8706A1391A2183D4007D0F81 /* Supporting Files */,
			);
			path = MyCustomVideoPlayerTests;
			sourceTree = "<group>";
		};
		8706A1391A2183D4007D0F81 /* Supporting Files */ = {
			isa = PBXGroup;
			children = (
				8706A13A1A2183D4007D0F81 /* Info.plist */,
			);
			name = "Supporting Files";
			sourceTree = "<group>";
		};
/* End PBXGroup section */

/* Begin PBXNativeTarget section */
		8706A11B1A2183D4007D0F81 /* MyCustomVideoPlayer */ = {
			isa = PBXNativeTarget;
			buildConfigurationList = 8706A13F1A2183D4007D0F81 /* Build configuration list for PBXNativeTarget "MyCustomVideoPlayer" */;
			buildPhases = (
				8706A1181A2183D4007D0F81 /* Sources */,
				8706A1191A2183D4007D0F81 /* Frameworks */,
				8706A11A1A2183D4007D0F81 /* Resources */,
			);
			buildRules = (
			);
			dependencies = (
			);
			name = MyCustomVideoPlayer;
			productName = MyCustomVideoPlayer;
			productReference = 8706A11C1A2183D4007D0F81 /* MyCustomVideoPlayer.app */;
			productType = "com.apple.product-type.application";
		};
		8706A1341A2183D4007D0F81 /* MyCustomVideoPlayerTests */ = {
			isa = PBXNativeTarget;
			buildConfigurationList = 8706A1421A2183D4007D0F81 /* Build configuration list for PBXNativeTarget "MyCustomVideoPlayerTests" */;
			buildPhases = (
				8706A1311A2183D4007D0F81 /* Sources */,
				8706A1321A2183D4007D0F81 /* Frameworks */,
				8706A1331A2183D4007D0F81 /* Resources */,
			);
			buildRules = (
			);
			dependencies = (
				8706A1371A2183D4007D0F81 /* PBXTargetDependency */,
			);
			name = MyCustomVideoPlayerTests;
			productName = MyCustomVideoPlayerTests;
			productReference = 8706A1351A2183D4007D0F81 /* MyCustomVideoPlayerTests.xctest */;
			productType = "com.apple.product-type.bundle.unit-test";
		};
/* End PBXNativeTarget section */

/* Begin PBXProject section */
		8706A1141A2183D4007D0F81 /* Project object */ = {
			isa = PBXProject;
			attributes = {
				LastUpgradeCheck = 0610;
				ORGANIZATIONNAME = "Ahmed Bakir";
				TargetAttributes = {
					8706A11B1A2183D4007D0F81 = {
						CreatedOnToolsVersion = 6.1;
					};
					8706A1341A2183D4007D0F81 = {
						CreatedOnToolsVersion = 6.1;
						TestTargetID = 8706A11B1A2183D4007D0F81;
					};
				};
			};
			buildConfigurationList = 8706A1171A2183D4007D0F81 /* Build configuration list for PBXProject "MyCustomVideoPlayer" */;
			compatibilityVersion = "Xcode 3.2";
			developmentRegion = English;
			hasScannedForEncodings = 0;
			knownRegions = (
				en,
				Base,
			);
			mainGroup = 8706A1131A2183D4007D0F81;
			productRefGroup = 8706A11D1A2183D4007D0F81 /* Products */;
			projectDirPath = "";
			projectRoot = "";
			targets = (
				8706A11B1A2183D4007D0F81 /* MyCustomVideoPlayer */,
				8706A1341A2183D4007D0F81 /* MyCustomVideoPlayerTests */,
			);
		};
/* End PBXProject section */

/* Begin PBXResourcesBuildPhase section */
		8706A11A1A2183D4007D0F81 /* Resources */ = {
			isa = PBXResourcesBuildPhase;
			buildActionMask = 2147483647;
			files = (
				8706A12B1A2183D4007D0F81 /* Main.storyboard in Resources */,
				8706A1301A2183D4007D0F81 /* LaunchScreen.xib in Resources */,
				8706A12D1A2183D4007D0F81 /* Images.xcassets in Resources */,
			);
			runOnlyForDeploymentPostprocessing = 0;
		};
		8706A1331A2183D4007D0F81 /* Resources */ = {
			isa = PBXResourcesBuildPhase;
			buildActionMask = 2147483647;
			files = (
			);
			runOnlyForDeploymentPostprocessing = 0;
		};
/* End PBXResourcesBuildPhase section */

/* Begin PBXSourcesBuildPhase section */
		8706A1181A2183D4007D0F81 /* Sources */ = {
			isa = PBXSourcesBuildPhase;
			buildActionMask = 2147483647;
			files = (
				8706A1281A2183D4007D0F81 /* MainViewController.m in Sources */,
				8706A1251A2183D4007D0F81 /* AppDelegate.m in Sources */,
				8706A14A1A2184BC007D0F81 /* FileViewController.m in Sources */,
				8706A1221A2183D4007D0F81 /* main.m in Sources */,
				8706A1491A2184BC007D0F81 /* CustomPlayerController.m in Sources */,
			);
			runOnlyForDeploymentPostprocessing = 0;
		};
		8706A1311A2183D4007D0F81 /* Sources */ = {
			isa = PBXSourcesBuildPhase;
			buildActionMask = 2147483647;
			files = (
				8706A13C1A2183D4007D0F81 /* MyCustomVideoPlayerTests.m in Sources */,
			);
			runOnlyForDeploymentPostprocessing = 0;
		};
/* End PBXSourcesBuildPhase section */

/* Begin PBXTargetDependency section */
		8706A1371A2183D4007D0F81 /* PBXTargetDependency */ = {
			isa = PBXTargetDependency;
			target = 8706A11B1A2183D4007D0F81 /* MyCustomVideoPlayer */;
			targetProxy = 8706A1361A2183D4007D0F81 /* PBXContainerItemProxy */;
		};
/* End PBXTargetDependency section */

/* Begin PBXVariantGroup section */
		8706A1291A2183D4007D0F81 /* Main.storyboard */ = {
			isa = PBXVariantGroup;
			children = (
				8706A12A1A2183D4007D0F81 /* Base */,
			);
			name = Main.storyboard;
			sourceTree = "<group>";
		};
		8706A12E1A2183D4007D0F81 /* LaunchScreen.xib */ = {
			isa = PBXVariantGroup;
			children = (
				8706A12F1A2183D4007D0F81 /* Base */,
			);
			name = LaunchScreen.xib;
			sourceTree = "<group>";
		};
/* End PBXVariantGroup section */

/* Begin XCBuildConfiguration section */
		8706A13D1A2183D4007D0F81 /* Debug */ = {
			isa = XCBuildConfiguration;
			buildSettings = {
				ALWAYS_SEARCH_USER_PATHS = NO;
				CLANG_CXX_LANGUAGE_STANDARD = "gnu++0x";
				CLANG_CXX_LIBRARY = "libc++";
				CLANG_ENABLE_MODULES = YES;
				CLANG_ENABLE_OBJC_ARC = YES;
				CLANG_WARN_BOOL_CONVERSION = YES;
				CLANG_WARN_CONSTANT_CONVERSION = YES;
				CLANG_WARN_DIRECT_OBJC_ISA_USAGE = YES_ERROR;
				CLANG_WARN_EMPTY_BODY = YES;
				CLANG_WARN_ENUM_CONVERSION = YES;
				CLANG_WARN_INT_CONVERSION = YES;
				CLANG_WARN_OBJC_ROOT_CLASS = YES_ERROR;
				CLANG_WARN_UNREACHABLE_CODE = YES;
				CLANG_WARN__DUPLICATE_METHOD_MATCH = YES;
				"CODE_SIGN_IDENTITY[sdk=iphoneos*]" = "iPhone Developer";
				COPY_PHASE_STRIP = NO;
				ENABLE_STRICT_OBJC_MSGSEND = YES;
				GCC_C_LANGUAGE_STANDARD = gnu99;
				GCC_DYNAMIC_NO_PIC = NO;
				GCC_OPTIMIZATION_LEVEL = 0;
				GCC_PREPROCESSOR_DEFINITIONS = (
					"DEBUG=1",
					"$(inherited)",
				);
				GCC_SYMBOLS_PRIVATE_EXTERN = NO;
				GCC_WARN_64_TO_32_BIT_CONVERSION = YES;
				GCC_WARN_ABOUT_RETURN_TYPE = YES_ERROR;
				GCC_WARN_UNDECLARED_SELECTOR = YES;
				GCC_WARN_UNINITIALIZED_AUTOS = YES_AGGRESSIVE;
				GCC_WARN_UNUSED_FUNCTION = YES;
				GCC_WARN_UNUSED_VARIABLE = YES;
				IPHONEOS_DEPLOYMENT_TARGET = 8.1;
				MTL_ENABLE_DEBUG_INFO = YES;
				ONLY_ACTIVE_ARCH = YES;
				SDKROOT = iphoneos;
				TARGETED_DEVICE_FAMILY = "1,2";
			};
			name = Debug;
		};
		8706A13E1A2183D4007D0F81 /* Release */ = {
			isa = XCBuildConfiguration;
			buildSettings = {
				ALWAYS_SEARCH_USER_PATHS = NO;
				CLANG_CXX_LANGUAGE_STANDARD = "gnu++0x";
				CLANG_CXX_LIBRARY = "libc++";
				CLANG_ENABLE_MODULES = YES;
				CLANG_ENABLE_OBJC_ARC = YES;
				CLANG_WARN_BOOL_CONVERSION = YES;
				CLANG_WARN_CONSTANT_CONVERSION = YES;
				CLANG_WARN_DIRECT_OBJC_ISA_USAGE = YES_ERROR;
				CLANG_WARN_EMPTY_BODY = YES;
				CLANG_WARN_ENUM_CONVERSION = YES;
				CLANG_WARN_INT_CONVERSION = YES;
				CLANG_WARN_OBJC_ROOT_CLASS = YES_ERROR;
				CLANG_WARN_UNREACHABLE_CODE = YES;
				CLANG_WARN__DUPLICATE_METHOD_MATCH = YES;
				"CODE_SIGN_IDENTITY[sdk=iphoneos*]" = "iPhone Developer";
				COPY_PHASE_STRIP = YES;
				ENABLE_NS_ASSERTIONS = NO;
				ENABLE_STRICT_OBJC_MSGSEND = YES;
				GCC_C_LANGUAGE_STANDARD = gnu99;
				GCC_WARN_64_TO_32_BIT_CONVERSION = YES;
				GCC_WARN_ABOUT_RETURN_TYPE = YES_ERROR;
				GCC_WARN_UNDECLARED_SELECTOR = YES;
				GCC_WARN_UNINITIALIZED_AUTOS = YES_AGGRESSIVE;
				GCC_WARN_UNUSED_FUNCTION = YES;
				GCC_WARN_UNUSED_VARIABLE = YES;
				IPHONEOS_DEPLOYMENT_TARGET = 8.1;
				MTL_ENABLE_DEBUG_INFO = NO;
				SDKROOT = iphoneos;
				TARGETED_DEVICE_FAMILY = "1,2";
				VALIDATE_PRODUCT = YES;
			};
			name = Release;
		};
		8706A1401A2183D4007D0F81 /* Debug */ = {
			isa = XCBuildConfiguration;
			buildSettings = {
				ASSETCATALOG_COMPILER_APPICON_NAME = AppIcon;
				INFOPLIST_FILE = MyCustomVideoPlayer/Info.plist;
				LD_RUNPATH_SEARCH_PATHS = "$(inherited) @executable_path/Frameworks";
				PRODUCT_NAME = "$(TARGET_NAME)";
			};
			name = Debug;
		};
		8706A1411A2183D4007D0F81 /* Release */ = {
			isa = XCBuildConfiguration;
			buildSettings = {
				ASSETCATALOG_COMPILER_APPICON_NAME = AppIcon;
				INFOPLIST_FILE = MyCustomVideoPlayer/Info.plist;
				LD_RUNPATH_SEARCH_PATHS = "$(inherited) @executable_path/Frameworks";
				PRODUCT_NAME = "$(TARGET_NAME)";
			};
			name = Release;
		};
		8706A1431A2183D4007D0F81 /* Debug */ = {
			isa = XCBuildConfiguration;
			buildSettings = {
				BUNDLE_LOADER = "$(TEST_HOST)";
				FRAMEWORK_SEARCH_PATHS = (
					"$(SDKROOT)/Developer/Library/Frameworks",
					"$(inherited)",
				);
				GCC_PREPROCESSOR_DEFINITIONS = (
					"DEBUG=1",
					"$(inherited)",
				);
				INFOPLIST_FILE = MyCustomVideoPlayerTests/Info.plist;
				LD_RUNPATH_SEARCH_PATHS = "$(inherited) @executable_path/Frameworks @loader_path/Frameworks";
				PRODUCT_NAME = "$(TARGET_NAME)";
				TEST_HOST = "$(BUILT_PRODUCTS_DIR)/MyCustomVideoPlayer.app/MyCustomVideoPlayer";
			};
			name = Debug;
		};
		8706A1441A2183D4007D0F81 /* Release */ = {
			isa = XCBuildConfiguration;
			buildSettings = {
				BUNDLE_LOADER = "$(TEST_HOST)";
				FRAMEWORK_SEARCH_PATHS = (
					"$(SDKROOT)/Developer/Library/Frameworks",
					"$(inherited)",
				);
				INFOPLIST_FILE = MyCustomVideoPlayerTests/Info.plist;
				LD_RUNPATH_SEARCH_PATHS = "$(inherited) @executable_path/Frameworks @loader_path/Frameworks";
				PRODUCT_NAME = "$(TARGET_NAME)";
				TEST_HOST = "$(BUILT_PRODUCTS_DIR)/MyCustomVideoPlayer.app/MyCustomVideoPlayer";
			};
			name = Release;
		};
/* End XCBuildConfiguration section */

/* Begin XCConfigurationList section */
		8706A1171A2183D4007D0F81 /* Build configuration list for PBXProject "MyCustomVideoPlayer" */ = {
			isa = XCConfigurationList;
			buildConfigurations = (
				8706A13D1A2183D4007D0F81 /* Debug */,
				8706A13E1A2183D4007D0F81 /* Release */,
			);
			defaultConfigurationIsVisible = 0;
			defaultConfigurationName = Release;
		};
		8706A13F1A2183D4007D0F81 /* Build configuration list for PBXNativeTarget "MyCustomVideoPlayer" */ = {
			isa = XCConfigurationList;
			buildConfigurations = (
				8706A1401A2183D4007D0F81 /* Debug */,
				8706A1411A2183D4007D0F81 /* Release */,
			);
			defaultConfigurationIsVisible = 0;
		};
		8706A1421A2183D4007D0F81 /* Build configuration list for PBXNativeTarget "MyCustomVideoPlayerTests" */ = {
			isa = XCConfigurationList;
			buildConfigurations = (
				8706A1431A2183D4007D0F81 /* Debug */,
				8706A1441A2183D4007D0F81 /* Release */,
			);
			defaultConfigurationIsVisible = 0;
		};
/* End XCConfigurationList section */
	};
	rootObject = 8706A1141A2183D4007D0F81 /* Project object */;
}
